
Microsoft Visual Studio Solution File, Format Version 12.00
# Visual Studio 15
VisualStudioVersion = 15.0.28307.705
MinimumVisualStudioVersion = 10.0.40219.1
Project("{9A19103F-16F7-4668-BE54-9A1E7A4F7556}") = "EmployeeManagement", "EmployeeManagement\EmployeeManagement.csproj", "{5A375677-CE35-45D1-994E-C0110134E78A}"
EndProject
Global
	GlobalSection(SolutionConfigurationPlatforms) = preSolution
		Debug|Any CPU = Debug|Any CPU
		Release|Any CPU = Release|Any CPU
	EndGlobalSection
	GlobalSection(ProjectConfigurationPlatforms) = postSolution
		{5A375677-CE35-45D1-994E-C0110134E78A}.Debug|Any CPU.ActiveCfg = Debug|Any CPU
		{5A375677-CE35-45D1-994E-C0110134E78A}.Debug|Any CPU.Build.0 = Debug|Any CPU
		{5A375677-CE35-45D1-994E-C0110134E78A}.Release|Any CPU.ActiveCfg = Release|Any CPU
		{5A375677-CE35-45D1-994E-C0110134E78A}.Release|Any CPU.Build.0 = Release|Any CPU
	EndGlobalSection
	GlobalSection(SolutionProperties) = preSolution
		HideSolutionNode = FALSE
	EndGlobalSection
	GlobalSection(ExtensibilityGlobals) = postSolution
		SolutionGuid = {046BD2E4-6CF8-439F-BF3E-BEB0B78DC3C1}
	EndGlobalSection
EndGlobal
